
Microsoft Visual Studio Solution File, Format Version 12.00
# Visual Studio 15
VisualStudioVersion = 15.0.27130.2020
MinimumVisualStudioVersion = 10.0.40219.1
Project("{FAE04EC0-301F-11D3-BF4B-00C04F79EFBC}") = "StarGazersUniversity", "StarGazersUniversity\StarGazersUniversity.csproj", "{A242FC17-1AE5-42FB-920F-009CE4915F31}"
EndProject
Global
	GlobalSection(SolutionConfigurationPlatforms) = preSolution
		Debug|Any CPU = Debug|Any CPU
		Release|Any CPU = Release|Any CPU
	EndGlobalSection
	GlobalSection(ProjectConfigurationPlatforms) = postSolution
		{A242FC17-1AE5-42FB-920F-009CE4915F31}.Debug|Any CPU.ActiveCfg = Debug|Any CPU
		{A242FC17-1AE5-42FB-920F-009CE4915F31}.Debug|Any CPU.Build.0 = Debug|Any CPU
		{A242FC17-1AE5-42FB-920F-009CE4915F31}.Release|Any CPU.ActiveCfg = Release|Any CPU
		{A242FC17-1AE5-42FB-920F-009CE4915F31}.Release|Any CPU.Build.0 = Release|Any CPU
	EndGlobalSection
	GlobalSection(SolutionProperties) = preSolution
		HideSolutionNode = FALSE
	EndGlobalSection
	GlobalSection(ExtensibilityGlobals) = postSolution
		SolutionGuid = {318496B3-6444-4BF6-9EA0-694C1F51C93D}
	EndGlobalSection
EndGlobal
